
Microsoft Visual Studio Solution File, Format Version 12.00
# Visual Studio Version 17
VisualStudioVersion = 17.0.31903.59
MinimumVisualStudioVersion = 10.0.40219.1
Project("{2150E333-8FDC-42A3-9474-1A3956D46DE8}") = "src", "src", "{827E0CD3-B72D-47B6-A68D-7590B98EB39B}"
EndProject
Project("{FAE04EC0-301F-11D3-BF4B-00C04F79EFBC}") = "LXT.IAM.Api.Common", "src\LXT.IAM.Api.Common\LXT.IAM.Api.Common.csproj", "{32C8B506-F788-465F-AAAA-62EF25C215CF}"
EndProject
Project("{FAE04EC0-301F-11D3-BF4B-00C04F79EFBC}") = "LXT.IAM.Api.Model", "src\LXT.IAM.Api.Model\LXT.IAM.Api.Model.csproj", "{52638405-CCA6-4461-B198-2CE1B8E979E9}"
EndProject
Project("{FAE04EC0-301F-11D3-BF4B-00C04F79EFBC}") = "LXT.IAM.Api.Storage", "src\LXT.IAM.Api.Storage\LXT.IAM.Api.Storage.csproj", "{FC9B4AB7-F8A9-4679-B406-0A5373C31248}"
EndProject
Project("{FAE04EC0-301F-11D3-BF4B-00C04F79EFBC}") = "LXT.IAM.Api.Dal", "src\LXT.IAM.Api.Dal\LXT.IAM.Api.Dal.csproj", "{BE6A3FB9-2C4F-4594-A378-4B4EF38187C7}"
EndProject
Project("{FAE04EC0-301F-11D3-BF4B-00C04F79EFBC}") = "LXT.IAM.Api.Bll", "src\LXT.IAM.Api.Bll\LXT.IAM.Api.Bll.csproj", "{EA4B2DC8-1FAD-4065-82C7-F19F801F3F63}"
EndProject
Project("{FAE04EC0-301F-11D3-BF4B-00C04F79EFBC}") = "LXT.IAM.Api.Service", "src\LXT.IAM.Api.Service\LXT.IAM.Api.Service.csproj", "{169F1F27-1258-4909-8414-37852DC2AD1F}"
EndProject
Global
	GlobalSection(SolutionConfigurationPlatforms) = preSolution
		Debug|Any CPU = Debug|Any CPU
		Debug|x64 = Debug|x64
		Debug|x86 = Debug|x86
		Release|Any CPU = Release|Any CPU
		Release|x64 = Release|x64
		Release|x86 = Release|x86
	EndGlobalSection
	GlobalSection(ProjectConfigurationPlatforms) = postSolution
		{32C8B506-F788-465F-AAAA-62EF25C215CF}.Debug|Any CPU.ActiveCfg = Debug|Any CPU
		{32C8B506-F788-465F-AAAA-62EF25C215CF}.Debug|Any CPU.Build.0 = Debug|Any CPU
		{32C8B506-F788-465F-AAAA-62EF25C215CF}.Debug|x64.ActiveCfg = Debug|Any CPU
		{32C8B506-F788-465F-AAAA-62EF25C215CF}.Debug|x64.Build.0 = Debug|Any CPU
		{32C8B506-F788-465F-AAAA-62EF25C215CF}.Debug|x86.ActiveCfg = Debug|Any CPU
		{32C8B506-F788-465F-AAAA-62EF25C215CF}.Debug|x86.Build.0 = Debug|Any CPU
		{32C8B506-F788-465F-AAAA-62EF25C215CF}.Release|Any CPU.ActiveCfg = Release|Any CPU
		{32C8B506-F788-465F-AAAA-62EF25C215CF}.Release|Any CPU.Build.0 = Release|Any CPU
		{32C8B506-F788-465F-AAAA-62EF25C215CF}.Release|x64.ActiveCfg = Release|Any CPU
		{32C8B506-F788-465F-AAAA-62EF25C215CF}.Release|x64.Build.0 = Release|Any CPU
		{32C8B506-F788-465F-AAAA-62EF25C215CF}.Release|x86.ActiveCfg = Release|Any CPU
		{32C8B506-F788-465F-AAAA-62EF25C215CF}.Release|x86.Build.0 = Release|Any CPU
		{52638405-CCA6-4461-B198-2CE1B8E979E9}.Debug|Any CPU.ActiveCfg = Debug|Any CPU
		{52638405-CCA6-4461-B198-2CE1B8E979E9}.Debug|Any CPU.Build.0 = Debug|Any CPU
		{52638405-CCA6-4461-B198-2CE1B8E979E9}.Debug|x64.ActiveCfg = Debug|Any CPU
		{52638405-CCA6-4461-B198-2CE1B8E979E9}.Debug|x64.Build.0 = Debug|Any CPU
		{52638405-CCA6-4461-B198-2CE1B8E979E9}.Debug|x86.ActiveCfg = Debug|Any CPU
		{52638405-CCA6-4461-B198-2CE1B8E979E9}.Debug|x86.Build.0 = Debug|Any CPU
		{52638405-CCA6-4461-B198-2CE1B8E979E9}.Release|Any CPU.ActiveCfg = Release|Any CPU
		{52638405-CCA6-4461-B198-2CE1B8E979E9}.Release|Any CPU.Build.0 = Release|Any CPU
		{52638405-CCA6-4461-B198-2CE1B8E979E9}.Release|x64.ActiveCfg = Release|Any CPU
		{52638405-CCA6-4461-B198-2CE1B8E979E9}.Release|x64.Build.0 = Release|Any CPU
		{52638405-CCA6-4461-B198-2CE1B8E979E9}.Release|x86.ActiveCfg = Release|Any CPU
		{52638405-CCA6-4461-B198-2CE1B8E979E9}.Release|x86.Build.0 = Release|Any CPU
		{FC9B4AB7-F8A9-4679-B406-0A5373C31248}.Debug|Any CPU.ActiveCfg = Debug|Any CPU
		{FC9B4AB7-F8A9-4679-B406-0A5373C31248}.Debug|Any CPU.Build.0 = Debug|Any CPU
		{FC9B4AB7-F8A9-4679-B406-0A5373C31248}.Debug|x64.ActiveCfg = Debug|Any CPU
		{FC9B4AB7-F8A9-4679-B406-0A5373C31248}.Debug|x64.Build.0 = Debug|Any CPU
		{FC9B4AB7-F8A9-4679-B406-0A5373C31248}.Debug|x86.ActiveCfg = Debug|Any CPU
		{FC9B4AB7-F8A9-4679-B406-0A5373C31248}.Debug|x86.Build.0 = Debug|Any CPU
		{FC9B4AB7-F8A9-4679-B406-0A5373C31248}.Release|Any CPU.ActiveCfg = Release|Any CPU
		{FC9B4AB7-F8A9-4679-B406-0A5373C31248}.Release|Any CPU.Build.0 = Release|Any CPU
		{FC9B4AB7-F8A9-4679-B406-0A5373C31248}.Release|x64.ActiveCfg = Release|Any CPU
		{FC9B4AB7-F8A9-4679-B406-0A5373C31248}.Release|x64.Build.0 = Release|Any CPU
		{FC9B4AB7-F8A9-4679-B406-0A5373C31248}.Release|x86.ActiveCfg = Release|Any CPU
		{FC9B4AB7-F8A9-4679-B406-0A5373C31248}.Release|x86.Build.0 = Release|Any CPU
		{BE6A3FB9-2C4F-4594-A378-4B4EF38187C7}.Debug|Any CPU.ActiveCfg = Debug|Any CPU
		{BE6A3FB9-2C4F-4594-A378-4B4EF38187C7}.Debug|Any CPU.Build.0 = Debug|Any CPU
		{BE6A3FB9-2C4F-4594-A378-4B4EF38187C7}.Debug|x64.ActiveCfg = Debug|Any CPU
		{BE6A3FB9-2C4F-4594-A378-4B4EF38187C7}.Debug|x64.Build.0 = Debug|Any CPU
		{BE6A3FB9-2C4F-4594-A378-4B4EF38187C7}.Debug|x86.ActiveCfg = Debug|Any CPU
		{BE6A3FB9-2C4F-4594-A378-4B4EF38187C7}.Debug|x86.Build.0 = Debug|Any CPU
		{BE6A3FB9-2C4F-4594-A378-4B4EF38187C7}.Release|Any CPU.ActiveCfg = Release|Any CPU
		{BE6A3FB9-2C4F-4594-A378-4B4EF38187C7}.Release|Any CPU.Build.0 = Release|Any CPU
		{BE6A3FB9-2C4F-4594-A378-4B4EF38187C7}.Release|x64.ActiveCfg = Release|Any CPU
		{BE6A3FB9-2C4F-4594-A378-4B4EF38187C7}.Release|x64.Build.0 = Release|Any CPU
		{BE6A3FB9-2C4F-4594-A378-4B4EF38187C7}.Release|x86.ActiveCfg = Release|Any CPU
		{BE6A3FB9-2C4F-4594-A378-4B4EF38187C7}.Release|x86.Build.0 = Release|Any CPU
		{EA4B2DC8-1FAD-4065-82C7-F19F801F3F63}.Debug|Any CPU.ActiveCfg = Debug|Any CPU
		{EA4B2DC8-1FAD-4065-82C7-F19F801F3F63}.Debug|Any CPU.Build.0 = Debug|Any CPU
		{EA4B2DC8-1FAD-4065-82C7-F19F801F3F63}.Debug|x64.ActiveCfg = Debug|Any CPU
		{EA4B2DC8-1FAD-4065-82C7-F19F801F3F63}.Debug|x64.Build.0 = Debug|Any CPU
		{EA4B2DC8-1FAD-4065-82C7-F19F801F3F63}.Debug|x86.ActiveCfg = Debug|Any CPU
		{EA4B2DC8-1FAD-4065-82C7-F19F801F3F63}.Debug|x86.Build.0 = Debug|Any CPU
		{EA4B2DC8-1FAD-4065-82C7-F19F801F3F63}.Release|Any CPU.ActiveCfg = Release|Any CPU
		{EA4B2DC8-1FAD-4065-82C7-F19F801F3F63}.Release|Any CPU.Build.0 = Release|Any CPU
		{EA4B2DC8-1FAD-4065-82C7-F19F801F3F63}.Release|x64.ActiveCfg = Release|Any CPU
		{EA4B2DC8-1FAD-4065-82C7-F19F801F3F63}.Release|x64.Build.0 = Release|Any CPU
		{EA4B2DC8-1FAD-4065-82C7-F19F801F3F63}.Release|x86.ActiveCfg = Release|Any CPU
		{EA4B2DC8-1FAD-4065-82C7-F19F801F3F63}.Release|x86.Build.0 = Release|Any CPU
		{169F1F27-1258-4909-8414-37852DC2AD1F}.Debug|Any CPU.ActiveCfg = Debug|Any CPU
		{169F1F27-1258-4909-8414-37852DC2AD1F}.Debug|Any CPU.Build.0 = Debug|Any CPU
		{169F1F27-1258-4909-8414-37852DC2AD1F}.Debug|x64.ActiveCfg = Debug|Any CPU
		{169F1F27-1258-4909-8414-37852DC2AD1F}.Debug|x64.Build.0 = Debug|Any CPU
		{169F1F27-1258-4909-8414-37852DC2AD1F}.Debug|x86.ActiveCfg = Debug|Any CPU
		{169F1F27-1258-4909-8414-37852DC2AD1F}.Debug|x86.Build.0 = Debug|Any CPU
		{169F1F27-1258-4909-8414-37852DC2AD1F}.Release|Any CPU.ActiveCfg = Release|Any CPU
		{169F1F27-1258-4909-8414-37852DC2AD1F}.Release|Any CPU.Build.0 = Release|Any CPU
		{169F1F27-1258-4909-8414-37852DC2AD1F}.Release|x64.ActiveCfg = Release|Any CPU
		{169F1F27-1258-4909-8414-37852DC2AD1F}.Release|x64.Build.0 = Release|Any CPU
		{169F1F27-1258-4909-8414-37852DC2AD1F}.Release|x86.ActiveCfg = Release|Any CPU
		{169F1F27-1258-4909-8414-37852DC2AD1F}.Release|x86.Build.0 = Release|Any CPU
	EndGlobalSection
	GlobalSection(SolutionProperties) = preSolution
		HideSolutionNode = FALSE
	EndGlobalSection
	GlobalSection(NestedProjects) = preSolution
		{32C8B506-F788-465F-AAAA-62EF25C215CF} = {827E0CD3-B72D-47B6-A68D-7590B98EB39B}
		{52638405-CCA6-4461-B198-2CE1B8E979E9} = {827E0CD3-B72D-47B6-A68D-7590B98EB39B}
		{FC9B4AB7-F8A9-4679-B406-0A5373C31248} = {827E0CD3-B72D-47B6-A68D-7590B98EB39B}
		{BE6A3FB9-2C4F-4594-A378-4B4EF38187C7} = {827E0CD3-B72D-47B6-A68D-7590B98EB39B}
		{EA4B2DC8-1FAD-4065-82C7-F19F801F3F63} = {827E0CD3-B72D-47B6-A68D-7590B98EB39B}
		{169F1F27-1258-4909-8414-37852DC2AD1F} = {827E0CD3-B72D-47B6-A68D-7590B98EB39B}
	EndGlobalSection
EndGlobal
